# THIS IS AN AUTOGENERATED FILE. DO NOT EDIT THIS FILE DIRECTLY.
# yarn lockfile v1


sweetalert2@^11.7.27:
  version "11.7.27"
  resolved "https://registry.yarnpkg.com/sweetalert2/-/sweetalert2-11.7.27.tgz#de19294e1b5ae7991de27bb4ae34aff3570aaa0e"
  integrity sha512-QbRXGQn1sb7HEhzA/K2xtWIwQHh/qkSbb1w6jYcTql2xy17876lTREEt1D4X6Q0x2wHtfUjKJ+Cb8IVkRoq7DQ==
